// !$*UTF8*$!
{
	archiveVersion = 1;
	classes = {
	};
	objectVersion = 48;
	objects = {

/* Begin PBXBuildFile section */
		4E25CC401B5D1D85005E0B79 /* test.bdoc in Resources */ = {isa = PBXBuildFile; fileRef = 4E25CC3F1B5D1D85005E0B79 /* test.bdoc */; };
		4E25CC421B5D1EDA005E0B79 /* schema in Resources */ = {isa = PBXBuildFile; fileRef = 4E25CC411B5D1EDA005E0B79 /* schema */; };
		4E76639E1B5A37AC00672ACF /* main.mm in Sources */ = {isa = PBXBuildFile; fileRef = 4E76639D1B5A37AC00672ACF /* main.mm */; };
		4E7663A11B5A37AC00672ACF /* AppDelegate.mm in Sources */ = {isa = PBXBuildFile; fileRef = 4E7663A01B5A37AC00672ACF /* AppDelegate.mm */; };
		4E7663A41B5A37AC00672ACF /* MasterViewController.mm in Sources */ = {isa = PBXBuildFile; fileRef = 4E7663A31B5A37AC00672ACF /* MasterViewController.mm */; };
		4E7663AA1B5A37AC00672ACF /* Main.storyboard in Resources */ = {isa = PBXBuildFile; fileRef = 4E7663A81B5A37AC00672ACF /* Main.storyboard */; };
		4E7663AC1B5A37AC00672ACF /* Images.xcassets in Resources */ = {isa = PBXBuildFile; fileRef = 4E7663AB1B5A37AC00672ACF /* Images.xcassets */; };
		4E7663AF1B5A37AC00672ACF /* LaunchScreen.xib in Resources */ = {isa = PBXBuildFile; fileRef = 4E7663AD1B5A37AC00672ACF /* LaunchScreen.xib */; };
		4ECD5FAA2010A15A00BCC616 /* libcrypto.a in Frameworks */ = {isa = PBXBuildFile; fileRef = 4ECD5FA92010A15A00BCC616 /* libcrypto.a */; };
		4ECD5FB02010A1B700BCC616 /* libssl.a in Frameworks */ = {isa = PBXBuildFile; fileRef = 4ECD5FAB2010A1B700BCC616 /* libssl.a */; };
		4ECD5FB12010A1B700BCC616 /* libxalan-c.a in Frameworks */ = {isa = PBXBuildFile; fileRef = 4ECD5FAC2010A1B700BCC616 /* libxalan-c.a */; };
		4ECD5FB22010A1B700BCC616 /* libxerces-c.a in Frameworks */ = {isa = PBXBuildFile; fileRef = 4ECD5FAD2010A1B700BCC616 /* libxerces-c.a */; };
		4ECD5FB32010A1B700BCC616 /* libxalanMsg.a in Frameworks */ = {isa = PBXBuildFile; fileRef = 4ECD5FAE2010A1B700BCC616 /* libxalanMsg.a */; };
		4ECD5FB42010A1B700BCC616 /* libxml-security-c.a in Frameworks */ = {isa = PBXBuildFile; fileRef = 4ECD5FAF2010A1B700BCC616 /* libxml-security-c.a */; };
		4ECD5FB72010A33800BCC616 /* libz.tbd in Frameworks */ = {isa = PBXBuildFile; fileRef = 4ECD5FB62010A33800BCC616 /* libz.tbd */; };
		4ECD5FBB2010A38900BCC616 /* libminizip.a in Frameworks */ = {isa = PBXBuildFile; fileRef = 4ECD5FB82010A38900BCC616 /* libminizip.a */; };
		4ECD5FBC2010A38900BCC616 /* libdigidocpp.a in Frameworks */ = {isa = PBXBuildFile; fileRef = 4ECD5FB92010A38900BCC616 /* libdigidocpp.a */; };
		4ECD5FBD2010A38900BCC616 /* libdigidocpp_priv.a in Frameworks */ = {isa = PBXBuildFile; fileRef = 4ECD5FBA2010A38900BCC616 /* libdigidocpp_priv.a */; };
		4EF2169520496F780013677E /* UIKit.framework in Frameworks */ = {isa = PBXBuildFile; fileRef = 4EF2169420496F780013677E /* UIKit.framework */; };
/* End PBXBuildFile section */

/* Begin PBXFileReference section */
		4E25CC3F1B5D1D85005E0B79 /* test.bdoc */ = {isa = PBXFileReference; lastKnownFileType = file; path = test.bdoc; sourceTree = "<group>"; };
		4E25CC411B5D1EDA005E0B79 /* schema */ = {isa = PBXFileReference; lastKnownFileType = folder; name = schema; path = "$(SDKPATH)/etc/digidocpp/schema"; sourceTree = "<absolute>"; };
		4E7663981B5A37AC00672ACF /* libdigidocpp.app */ = {isa = PBXFileReference; explicitFileType = wrapper.application; includeInIndex = 0; path = libdigidocpp.app; sourceTree = BUILT_PRODUCTS_DIR; };
		4E76639C1B5A37AC00672ACF /* Info.plist */ = {isa = PBXFileReference; lastKnownFileType = text.plist.xml; path = Info.plist; sourceTree = "<group>"; };
		4E76639D1B5A37AC00672ACF /* main.mm */ = {isa = PBXFileReference; lastKnownFileType = sourcecode.cpp.objcpp; path = main.mm; sourceTree = "<group>"; };
		4E76639F1B5A37AC00672ACF /* AppDelegate.h */ = {isa = PBXFileReference; lastKnownFileType = sourcecode.c.h; path = AppDelegate.h; sourceTree = "<group>"; };
		4E7663A01B5A37AC00672ACF /* AppDelegate.mm */ = {isa = PBXFileReference; lastKnownFileType = sourcecode.cpp.objcpp; path = AppDelegate.mm; sourceTree = "<group>"; };
		4E7663A31B5A37AC00672ACF /* MasterViewController.mm */ = {isa = PBXFileReference; lastKnownFileType = sourcecode.cpp.objcpp; path = MasterViewController.mm; sourceTree = "<group>"; };
		4E7663A91B5A37AC00672ACF /* Base */ = {isa = PBXFileReference; lastKnownFileType = file.storyboard; name = Base; path = Base.lproj/Main.storyboard; sourceTree = "<group>"; };
		4E7663AB1B5A37AC00672ACF /* Images.xcassets */ = {isa = PBXFileReference; lastKnownFileType = folder.assetcatalog; path = Images.xcassets; sourceTree = "<group>"; };
		4E7663AE1B5A37AC00672ACF /* Base */ = {isa = PBXFileReference; lastKnownFileType = file.xib; name = Base; path = Base.lproj/LaunchScreen.xib; sourceTree = "<group>"; };
		4ECD5FA92010A15A00BCC616 /* libcrypto.a */ = {isa = PBXFileReference; lastKnownFileType = archive.ar; name = libcrypto.a; path = "$(SDKPATH)/lib/libcrypto.a"; sourceTree = "<absolute>"; };
		4ECD5FAB2010A1B700BCC616 /* libssl.a */ = {isa = PBXFileReference; lastKnownFileType = archive.ar; name = libssl.a; path = "$(SDKPATH)/lib/libssl.a"; sourceTree = "<absolute>"; };
		4ECD5FAC2010A1B700BCC616 /* libxalan-c.a */ = {isa = PBXFileReference; lastKnownFileType = archive.ar; name = "libxalan-c.a"; path = "$(SDKPATH)/lib/libxalan-c.a"; sourceTree = "<absolute>"; };
		4ECD5FAD2010A1B700BCC616 /* libxerces-c.a */ = {isa = PBXFileReference; lastKnownFileType = archive.ar; name = "libxerces-c.a"; path = "$(SDKPATH)/lib/libxerces-c.a"; sourceTree = "<absolute>"; };
		4ECD5FAE2010A1B700BCC616 /* libxalanMsg.a */ = {isa = PBXFileReference; lastKnownFileType = archive.ar; name = libxalanMsg.a; path = "$(SDKPATH)/lib/libxalanMsg.a"; sourceTree = "<absolute>"; };
		4ECD5FAF2010A1B700BCC616 /* libxml-security-c.a */ = {isa = PBXFileReference; lastKnownFileType = archive.ar; name = "libxml-security-c.a"; path = "$(SDKPATH)/lib/libxml-security-c.a"; sourceTree = "<absolute>"; };
		4ECD5FB62010A33800BCC616 /* libz.tbd */ = {isa = PBXFileReference; lastKnownFileType = "sourcecode.text-based-dylib-definition"; name = libz.tbd; path = usr/lib/libz.tbd; sourceTree = SDKROOT; };
		4ECD5FB82010A38900BCC616 /* libminizip.a */ = {isa = PBXFileReference; lastKnownFileType = archive.ar; name = libminizip.a; path = "$(SDKPATH)/lib/libminizip.a"; sourceTree = "<absolute>"; };
		4ECD5FB92010A38900BCC616 /* libdigidocpp.a */ = {isa = PBXFileReference; lastKnownFileType = archive.ar; name = libdigidocpp.a; path = "$(SDKPATH)/lib/libdigidocpp.a"; sourceTree = "<absolute>"; };
		4ECD5FBA2010A38900BCC616 /* libdigidocpp_priv.a */ = {isa = PBXFileReference; lastKnownFileType = archive.ar; name = libdigidocpp_priv.a; path = "$(SDKPATH)/lib/libdigidocpp_priv.a"; sourceTree = "<absolute>"; };
		4EF2169420496F780013677E /* UIKit.framework */ = {isa = PBXFileReference; lastKnownFileType = wrapper.framework; name = UIKit.framework; path = System/Library/Frameworks/UIKit.framework; sourceTree = SDKROOT; };
/* End PBXFileReference section */

/* Begin PBXFrameworksBuildPhase section */
		4E7663951B5A37AC00672ACF /* Frameworks */ = {
			isa = PBXFrameworksBuildPhase;
			buildActionMask = 2147483647;
			files = (
				4EF2169520496F780013677E /* UIKit.framework in Frameworks */,
				4ECD5FBC2010A38900BCC616 /* libdigidocpp.a in Frameworks */,
				4ECD5FBD2010A38900BCC616 /* libdigidocpp_priv.a in Frameworks */,
				4ECD5FBB2010A38900BCC616 /* libminizip.a in Frameworks */,
				4ECD5FB42010A1B700BCC616 /* libxml-security-c.a in Frameworks */,
				4ECD5FB02010A1B700BCC616 /* libssl.a in Frameworks */,
				4ECD5FAA2010A15A00BCC616 /* libcrypto.a in Frameworks */,
				4ECD5FB12010A1B700BCC616 /* libxalan-c.a in Frameworks */,
				4ECD5FB32010A1B700BCC616 /* libxalanMsg.a in Frameworks */,
				4ECD5FB22010A1B700BCC616 /* libxerces-c.a in Frameworks */,
				4ECD5FB72010A33800BCC616 /* libz.tbd in Frameworks */,
			);
			runOnlyForDeploymentPostprocessing = 0;
		};
/* End PBXFrameworksBuildPhase section */

/* Begin PBXGroup section */
		4E76638F1B5A37AC00672ACF = {
			isa = PBXGroup;
			children = (
				4E76639A1B5A37AC00672ACF /* libdigidocpp */,
				4E7663991B5A37AC00672ACF /* Products */,
				4ECD5FA82010A15A00BCC616 /* Frameworks */,
			);
			sourceTree = "<group>";
		};
		4E7663991B5A37AC00672ACF /* Products */ = {
			isa = PBXGroup;
			children = (
				4E7663981B5A37AC00672ACF /* libdigidocpp.app */,
			);
			name = Products;
			sourceTree = "<group>";
		};
		4E76639A1B5A37AC00672ACF /* libdigidocpp */ = {
			isa = PBXGroup;
			children = (
				4E76639F1B5A37AC00672ACF /* AppDelegate.h */,
				4E7663A01B5A37AC00672ACF /* AppDelegate.mm */,
				4E7663A31B5A37AC00672ACF /* MasterViewController.mm */,
				4E7663A81B5A37AC00672ACF /* Main.storyboard */,
				4E7663AB1B5A37AC00672ACF /* Images.xcassets */,
				4E7663AD1B5A37AC00672ACF /* LaunchScreen.xib */,
				4E76639B1B5A37AC00672ACF /* Supporting Files */,
			);
			path = libdigidocpp;
			sourceTree = "<group>";
		};
		4E76639B1B5A37AC00672ACF /* Supporting Files */ = {
			isa = PBXGroup;
			children = (
				4E25CC411B5D1EDA005E0B79 /* schema */,
				4E25CC3F1B5D1D85005E0B79 /* test.bdoc */,
				4E76639C1B5A37AC00672ACF /* Info.plist */,
				4E76639D1B5A37AC00672ACF /* main.mm */,
			);
			name = "Supporting Files";
			sourceTree = "<group>";
		};
		4ECD5FA82010A15A00BCC616 /* Frameworks */ = {
			isa = PBXGroup;
			children = (
				4EF2169420496F780013677E /* UIKit.framework */,
				4ECD5FA92010A15A00BCC616 /* libcrypto.a */,
				4ECD5FB92010A38900BCC616 /* libdigidocpp.a */,
				4ECD5FBA2010A38900BCC616 /* libdigidocpp_priv.a */,
				4ECD5FB82010A38900BCC616 /* libminizip.a */,
				4ECD5FAB2010A1B700BCC616 /* libssl.a */,
				4ECD5FAC2010A1B700BCC616 /* libxalan-c.a */,
				4ECD5FAE2010A1B700BCC616 /* libxalanMsg.a */,
				4ECD5FAD2010A1B700BCC616 /* libxerces-c.a */,
				4ECD5FAF2010A1B700BCC616 /* libxml-security-c.a */,
				4ECD5FB62010A33800BCC616 /* libz.tbd */,
			);
			name = Frameworks;
			sourceTree = "<group>";
		};
/* End PBXGroup section */

/* Begin PBXNativeTarget section */
		4E7663971B5A37AC00672ACF /* libdigidocpp */ = {
			isa = PBXNativeTarget;
			buildConfigurationList = 4E7663BE1B5A37AC00672ACF /* Build configuration list for PBXNativeTarget "libdigidocpp" */;
			buildPhases = (
				4E7663941B5A37AC00672ACF /* Sources */,
				4E7663951B5A37AC00672ACF /* Frameworks */,
				4E7663961B5A37AC00672ACF /* Resources */,
			);
			buildRules = (
			);
			dependencies = (
			);
			name = libdigidocpp;
			productName = libdigidocpp;
			productReference = 4E7663981B5A37AC00672ACF /* libdigidocpp.app */;
			productType = "com.apple.product-type.application";
		};
/* End PBXNativeTarget section */

/* Begin PBXProject section */
		4E7663901B5A37AC00672ACF /* Project object */ = {
			isa = PBXProject;
			attributes = {
				LastUpgradeCheck = 1030;
				ORGANIZATIONNAME = RIA;
				TargetAttributes = {
					4E7663971B5A37AC00672ACF = {
						CreatedOnToolsVersion = 6.4;
						DevelopmentTeam = ET847QJV9F;
						ProvisioningStyle = Automatic;
					};
				};
			};
			buildConfigurationList = 4E7663931B5A37AC00672ACF /* Build configuration list for PBXProject "libdigidocpp" */;
			compatibilityVersion = "Xcode 8.0";
			developmentRegion = en;
			hasScannedForEncodings = 0;
			knownRegions = (
				en,
				Base,
			);
			mainGroup = 4E76638F1B5A37AC00672ACF;
			productRefGroup = 4E7663991B5A37AC00672ACF /* Products */;
			projectDirPath = "";
			projectRoot = "";
			targets = (
				4E7663971B5A37AC00672ACF /* libdigidocpp */,
			);
		};
/* End PBXProject section */

/* Begin PBXResourcesBuildPhase section */
		4E7663961B5A37AC00672ACF /* Resources */ = {
			isa = PBXResourcesBuildPhase;
			buildActionMask = 2147483647;
			files = (
				4E25CC421B5D1EDA005E0B79 /* schema in Resources */,
				4E7663AA1B5A37AC00672ACF /* Main.storyboard in Resources */,
				4E7663AF1B5A37AC00672ACF /* LaunchScreen.xib in Resources */,
				4E7663AC1B5A37AC00672ACF /* Images.xcassets in Resources */,
				4E25CC401B5D1D85005E0B79 /* test.bdoc in Resources */,
			);
			runOnlyForDeploymentPostprocessing = 0;
		};
/* End PBXResourcesBuildPhase section */

/* Begin PBXSourcesBuildPhase section */
		4E7663941B5A37AC00672ACF /* Sources */ = {
			isa = PBXSourcesBuildPhase;
			buildActionMask = 2147483647;
			files = (
				4E7663A11B5A37AC00672ACF /* AppDelegate.mm in Sources */,
				4E7663A41B5A37AC00672ACF /* MasterViewController.mm in Sources */,
				4E76639E1B5A37AC00672ACF /* main.mm in Sources */,
			);
			runOnlyForDeploymentPostprocessing = 0;
		};
/* End PBXSourcesBuildPhase section */

/* Begin PBXVariantGroup section */
		4E7663A81B5A37AC00672ACF /* Main.storyboard */ = {
			isa = PBXVariantGroup;
			children = (
				4E7663A91B5A37AC00672ACF /* Base */,
			);
			name = Main.storyboard;
			sourceTree = "<group>";
		};
		4E7663AD1B5A37AC00672ACF /* LaunchScreen.xib */ = {
			isa = PBXVariantGroup;
			children = (
				4E7663AE1B5A37AC00672ACF /* Base */,
			);
			name = LaunchScreen.xib;
			sourceTree = "<group>";
		};
/* End PBXVariantGroup section */

/* Begin XCBuildConfiguration section */
		4E7663BC1B5A37AC00672ACF /* Debug */ = {
			isa = XCBuildConfiguration;
			buildSettings = {
				ALWAYS_SEARCH_USER_PATHS = NO;
				CLANG_ANALYZER_LOCALIZABILITY_NONLOCALIZED = YES;
				CLANG_CXX_LANGUAGE_STANDARD = "gnu++0x";
				CLANG_CXX_LIBRARY = "libc++";
				CLANG_ENABLE_MODULES = YES;
				CLANG_ENABLE_OBJC_ARC = YES;
				CLANG_WARN_BLOCK_CAPTURE_AUTORELEASING = YES;
				CLANG_WARN_BOOL_CONVERSION = YES;
				CLANG_WARN_COMMA = YES;
				CLANG_WARN_CONSTANT_CONVERSION = YES;
				CLANG_WARN_DEPRECATED_OBJC_IMPLEMENTATIONS = YES;
				CLANG_WARN_DIRECT_OBJC_ISA_USAGE = YES_ERROR;
				CLANG_WARN_EMPTY_BODY = YES;
				CLANG_WARN_ENUM_CONVERSION = YES;
				CLANG_WARN_INFINITE_RECURSION = YES;
				CLANG_WARN_INT_CONVERSION = YES;
				CLANG_WARN_NON_LITERAL_NULL_CONVERSION = YES;
				CLANG_WARN_OBJC_IMPLICIT_RETAIN_SELF = YES;
				CLANG_WARN_OBJC_LITERAL_CONVERSION = YES;
				CLANG_WARN_OBJC_ROOT_CLASS = YES_ERROR;
				CLANG_WARN_RANGE_LOOP_ANALYSIS = YES;
				CLANG_WARN_STRICT_PROTOTYPES = YES;
				CLANG_WARN_SUSPICIOUS_MOVE = YES;
				CLANG_WARN_UNREACHABLE_CODE = YES;
				CLANG_WARN__DUPLICATE_METHOD_MATCH = YES;
				"CODE_SIGN_IDENTITY[sdk=iphoneos*]" = "iPhone Developer";
				COPY_PHASE_STRIP = NO;
				DEBUG_INFORMATION_FORMAT = "dwarf-with-dsym";
				ENABLE_BITCODE = NO;
				ENABLE_STRICT_OBJC_MSGSEND = YES;
				ENABLE_TESTABILITY = YES;
				GCC_C_LANGUAGE_STANDARD = gnu99;
				GCC_DYNAMIC_NO_PIC = NO;
				GCC_NO_COMMON_BLOCKS = YES;
				GCC_OPTIMIZATION_LEVEL = 0;
				GCC_PREPROCESSOR_DEFINITIONS = (
					"DEBUG=1",
					"$(inherited)",
				);
				GCC_SYMBOLS_PRIVATE_EXTERN = NO;
				GCC_WARN_64_TO_32_BIT_CONVERSION = YES;
				GCC_WARN_ABOUT_RETURN_TYPE = YES_ERROR;
				GCC_WARN_UNDECLARED_SELECTOR = YES;
				GCC_WARN_UNINITIALIZED_AUTOS = YES_AGGRESSIVE;
				GCC_WARN_UNUSED_FUNCTION = YES;
				GCC_WARN_UNUSED_VARIABLE = YES;
				IPHONEOS_DEPLOYMENT_TARGET = 9.0;
				ONLY_ACTIVE_ARCH = YES;
				SDKROOT = iphoneos;
				TARGETED_DEVICE_FAMILY = "1,2";
			};
			name = Debug;
		};
		4E7663BD1B5A37AC00672ACF /* Release */ = {
			isa = XCBuildConfiguration;
			buildSettings = {
				ALWAYS_SEARCH_USER_PATHS = NO;
				CLANG_ANALYZER_LOCALIZABILITY_NONLOCALIZED = YES;
				CLANG_CXX_LANGUAGE_STANDARD = "gnu++0x";
				CLANG_CXX_LIBRARY = "libc++";
				CLANG_ENABLE_MODULES = YES;
				CLANG_ENABLE_OBJC_ARC = YES;
				CLANG_WARN_BLOCK_CAPTURE_AUTORELEASING = YES;
				CLANG_WARN_BOOL_CONVERSION = YES;
				CLANG_WARN_COMMA = YES;
				CLANG_WARN_CONSTANT_CONVERSION = YES;
				CLANG_WARN_DEPRECATED_OBJC_IMPLEMENTATIONS = YES;
				CLANG_WARN_DIRECT_OBJC_ISA_USAGE = YES_ERROR;
				CLANG_WARN_EMPTY_BODY = YES;
				CLANG_WARN_ENUM_CONVERSION = YES;
				CLANG_WARN_INFINITE_RECURSION = YES;
				CLANG_WARN_INT_CONVERSION = YES;
				CLANG_WARN_NON_LITERAL_NULL_CONVERSION = YES;
				CLANG_WARN_OBJC_IMPLICIT_RETAIN_SELF = YES;
				CLANG_WARN_OBJC_LITERAL_CONVERSION = YES;
				CLANG_WARN_OBJC_ROOT_CLASS = YES_ERROR;
				CLANG_WARN_RANGE_LOOP_ANALYSIS = YES;
				CLANG_WARN_STRICT_PROTOTYPES = YES;
				CLANG_WARN_SUSPICIOUS_MOVE = YES;
				CLANG_WARN_UNREACHABLE_CODE = YES;
				CLANG_WARN__DUPLICATE_METHOD_MATCH = YES;
				"CODE_SIGN_IDENTITY[sdk=iphoneos*]" = "iPhone Developer";
				COPY_PHASE_STRIP = NO;
				DEBUG_INFORMATION_FORMAT = "dwarf-with-dsym";
				ENABLE_BITCODE = NO;
				ENABLE_NS_ASSERTIONS = NO;
				ENABLE_STRICT_OBJC_MSGSEND = YES;
				GCC_C_LANGUAGE_STANDARD = gnu99;
				GCC_NO_COMMON_BLOCKS = YES;
				GCC_WARN_64_TO_32_BIT_CONVERSION = YES;
				GCC_WARN_ABOUT_RETURN_TYPE = YES_ERROR;
				GCC_WARN_UNDECLARED_SELECTOR = YES;
				GCC_WARN_UNINITIALIZED_AUTOS = YES_AGGRESSIVE;
				GCC_WARN_UNUSED_FUNCTION = YES;
				GCC_WARN_UNUSED_VARIABLE = YES;
				IPHONEOS_DEPLOYMENT_TARGET = 9.0;
				SDKROOT = iphoneos;
				TARGETED_DEVICE_FAMILY = "1,2";
				VALIDATE_PRODUCT = YES;
			};
			name = Release;
		};
		4E7663BF1B5A37AC00672ACF /* Debug */ = {
			isa = XCBuildConfiguration;
			buildSettings = {
				ASSETCATALOG_COMPILER_APPICON_NAME = AppIcon;
				BUILD_NUMBER = 0;
				CODE_SIGN_IDENTITY = "iPhone Developer";
				FRAMEWORK_SEARCH_PATHS = (
					"$(inherited)",
					"$(PROJECT_DIR)/libdigidocpp",
				);
				GCC_PREPROCESSOR_DEFINITIONS = "TESTING=$(TESTING)";
				HEADER_SEARCH_PATHS = (
					"$(SDKPATH)/include",
					"$(MINIZIP)",
				);
				INFOPLIST_FILE = libdigidocpp/Info.plist;
				LD_RUNPATH_SEARCH_PATHS = "$(inherited) @executable_path/Frameworks";
				LIBRARY_SEARCH_PATHS = "$(SDKPATH)/lib";
				MINIZIP = "$(PROJECT_DIR)/../../src/minizip";
				PRODUCT_BUNDLE_IDENTIFIER = "ee.ria.$(PRODUCT_NAME:rfc1034identifier)";
				PRODUCT_NAME = "$(TARGET_NAME)";
				"SDKPATH[sdk=iphoneos*]" = /Library/libdigidocpp.iphoneos;
				"SDKPATH[sdk=iphonesimulator*]" = /Library/libdigidocpp.iphonesimulator;
				TESTING = 0;
			};
			name = Debug;
		};
		4E7663C01B5A37AC00672ACF /* Release */ = {
			isa = XCBuildConfiguration;
			buildSettings = {
				ASSETCATALOG_COMPILER_APPICON_NAME = AppIcon;
				BUILD_NUMBER = 0;
				CODE_SIGN_IDENTITY = "iPhone Developer";
				FRAMEWORK_SEARCH_PATHS = (
					"$(inherited)",
					"$(PROJECT_DIR)/libdigidocpp",
				);
				GCC_PREPROCESSOR_DEFINITIONS = "TESTING=$(TESTING)";
				HEADER_SEARCH_PATHS = (
					"$(SDKPATH)/include",
					"$(MINIZIP)",
				);
				INFOPLIST_FILE = libdigidocpp/Info.plist;
				LD_RUNPATH_SEARCH_PATHS = "$(inherited) @executable_path/Frameworks";
				LIBRARY_SEARCH_PATHS = "$(SDKPATH)/lib";
				MINIZIP = "$(PROJECT_DIR)/../../src/minizip";
				PRODUCT_BUNDLE_IDENTIFIER = "ee.ria.$(PRODUCT_NAME:rfc1034identifier)";
				PRODUCT_NAME = "$(TARGET_NAME)";
				"SDKPATH[sdk=iphoneos*]" = /Library/libdigidocpp.iphoneos;
				"SDKPATH[sdk=iphonesimulator*]" = /Library/libdigidocpp.iphonesimulator;
				TESTING = 0;
			};
			name = Release;
		};
/* End XCBuildConfiguration section */

/* Begin XCConfigurationList section */
		4E7663931B5A37AC00672ACF /* Build configuration list for PBXProject "libdigidocpp" */ = {
			isa = XCConfigurationList;
			buildConfigurations = (
				4E7663BC1B5A37AC00672ACF /* Debug */,
				4E7663BD1B5A37AC00672ACF /* Release */,
			);
			defaultConfigurationIsVisible = 0;
			defaultConfigurationName = Release;
		};
		4E7663BE1B5A37AC00672ACF /* Build configuration list for PBXNativeTarget "libdigidocpp" */ = {
			isa = XCConfigurationList;
			buildConfigurations = (
				4E7663BF1B5A37AC00672ACF /* Debug */,
				4E7663C01B5A37AC00672ACF /* Release */,
			);
			defaultConfigurationIsVisible = 0;
			defaultConfigurationName = Release;
		};
/* End XCConfigurationList section */
	};
	rootObject = 4E7663901B5A37AC00672ACF /* Project object */;
}
