// !$*UTF8*$!
{
	archiveVersion = 1;
	classes = {
	};
	objectVersion = 54;
	objects = {

/* Begin PBXBuildFile section */
		4E25CC401B5D1D85005E0B79 /* test.bdoc in Resources */ = {isa = PBXBuildFile; fileRef = 4E25CC3F1B5D1D85005E0B79 /* test.bdoc */; };
		4E26A2292AB4E38600E2B732 /* LaunchScreen.storyboard in Resources */ = {isa = PBXBuildFile; fileRef = 4E26A2282AB4E38600E2B732 /* LaunchScreen.storyboard */; };
		4E34C8402AE9292A00DD78B0 /* digidocpp.framework in Frameworks */ = {isa = PBXBuildFile; fileRef = 4E34C83F2AE9292A00DD78B0 /* digidocpp.framework */; };
		4E34C8412AE9292A00DD78B0 /* digidocpp.framework in Embed Frameworks */ = {isa = PBXBuildFile; fileRef = 4E34C83F2AE9292A00DD78B0 /* digidocpp.framework */; settings = {ATTRIBUTES = (CodeSignOnCopy, RemoveHeadersOnCopy, ); }; };
		4E76639E1B5A37AC00672ACF /* main.mm in Sources */ = {isa = PBXBuildFile; fileRef = 4E76639D1B5A37AC00672ACF /* main.mm */; };
		4E7663A11B5A37AC00672ACF /* AppDelegate.mm in Sources */ = {isa = PBXBuildFile; fileRef = 4E7663A01B5A37AC00672ACF /* AppDelegate.mm */; };
		4E7663A41B5A37AC00672ACF /* MasterViewController.mm in Sources */ = {isa = PBXBuildFile; fileRef = 4E7663A31B5A37AC00672ACF /* MasterViewController.mm */; };
		4E7663AA1B5A37AC00672ACF /* Main.storyboard in Resources */ = {isa = PBXBuildFile; fileRef = 4E7663A81B5A37AC00672ACF /* Main.storyboard */; };
		4E7663AC1B5A37AC00672ACF /* Images.xcassets in Resources */ = {isa = PBXBuildFile; fileRef = 4E7663AB1B5A37AC00672ACF /* Images.xcassets */; };
		4ECD5FB72010A33800BCC616 /* libz.tbd in Frameworks */ = {isa = PBXBuildFile; fileRef = 4ECD5FB62010A33800BCC616 /* libz.tbd */; };
		4ECD5FBB2010A38900BCC616 /* libminizip.a in Frameworks */ = {isa = PBXBuildFile; fileRef = 4ECD5FB82010A38900BCC616 /* libminizip.a */; };
		4EF2169520496F780013677E /* UIKit.framework in Frameworks */ = {isa = PBXBuildFile; fileRef = 4EF2169420496F780013677E /* UIKit.framework */; };
/* End PBXBuildFile section */

/* Begin PBXCopyFilesBuildPhase section */
		4E34C8422AE9292A00DD78B0 /* Embed Frameworks */ = {
			isa = PBXCopyFilesBuildPhase;
			buildActionMask = 2147483647;
			dstPath = "";
			dstSubfolderSpec = 10;
			files = (
				4E34C8412AE9292A00DD78B0 /* digidocpp.framework in Embed Frameworks */,
			);
			name = "Embed Frameworks";
			runOnlyForDeploymentPostprocessing = 0;
		};
/* End PBXCopyFilesBuildPhase section */

/* Begin PBXFileReference section */
		4E25CC3F1B5D1D85005E0B79 /* test.bdoc */ = {isa = PBXFileReference; lastKnownFileType = file; path = test.bdoc; sourceTree = "<group>"; };
		4E26A2282AB4E38600E2B732 /* LaunchScreen.storyboard */ = {isa = PBXFileReference; lastKnownFileType = file.storyboard; path = LaunchScreen.storyboard; sourceTree = "<group>"; };
		4E34C83F2AE9292A00DD78B0 /* digidocpp.framework */ = {isa = PBXFileReference; lastKnownFileType = wrapper.framework; name = digidocpp.framework; path = "$(SDKPATH)/lib/digidocpp.framework"; sourceTree = "<absolute>"; };
		4E7663981B5A37AC00672ACF /* libdigidocpp.app */ = {isa = PBXFileReference; explicitFileType = wrapper.application; includeInIndex = 0; path = libdigidocpp.app; sourceTree = BUILT_PRODUCTS_DIR; };
		4E76639C1B5A37AC00672ACF /* Info.plist */ = {isa = PBXFileReference; lastKnownFileType = text.plist.xml; path = Info.plist; sourceTree = "<group>"; };
		4E76639D1B5A37AC00672ACF /* main.mm */ = {isa = PBXFileReference; lastKnownFileType = sourcecode.cpp.objcpp; path = main.mm; sourceTree = "<group>"; };
		4E76639F1B5A37AC00672ACF /* AppDelegate.h */ = {isa = PBXFileReference; lastKnownFileType = sourcecode.c.h; path = AppDelegate.h; sourceTree = "<group>"; };
		4E7663A01B5A37AC00672ACF /* AppDelegate.mm */ = {isa = PBXFileReference; lastKnownFileType = sourcecode.cpp.objcpp; path = AppDelegate.mm; sourceTree = "<group>"; };
		4E7663A31B5A37AC00672ACF /* MasterViewController.mm */ = {isa = PBXFileReference; lastKnownFileType = sourcecode.cpp.objcpp; path = MasterViewController.mm; sourceTree = "<group>"; };
		4E7663A91B5A37AC00672ACF /* Base */ = {isa = PBXFileReference; lastKnownFileType = file.storyboard; name = Base; path = Base.lproj/Main.storyboard; sourceTree = "<group>"; };
		4E7663AB1B5A37AC00672ACF /* Images.xcassets */ = {isa = PBXFileReference; lastKnownFileType = folder.assetcatalog; path = Images.xcassets; sourceTree = "<group>"; };
		4EAC9AA729125D5200A39880 /* libdigidocpp.entitlements */ = {isa = PBXFileReference; lastKnownFileType = text.plist.entitlements; path = libdigidocpp.entitlements; sourceTree = "<group>"; };
		4ECD5FB62010A33800BCC616 /* libz.tbd */ = {isa = PBXFileReference; lastKnownFileType = "sourcecode.text-based-dylib-definition"; name = libz.tbd; path = usr/lib/libz.tbd; sourceTree = SDKROOT; };
		4ECD5FB82010A38900BCC616 /* libminizip.a */ = {isa = PBXFileReference; lastKnownFileType = archive.ar; name = libminizip.a; path = "$(SDKPATH)/lib/libminizip.a"; sourceTree = "<absolute>"; };
		4ED367C424EA910E0020905B /* README.md */ = {isa = PBXFileReference; fileEncoding = 4; lastKnownFileType = net.daringfireball.markdown; path = README.md; sourceTree = "<group>"; };
		4EF2169420496F780013677E /* UIKit.framework */ = {isa = PBXFileReference; lastKnownFileType = wrapper.framework; name = UIKit.framework; path = System/Library/Frameworks/UIKit.framework; sourceTree = SDKROOT; };
/* End PBXFileReference section */

/* Begin PBXFrameworksBuildPhase section */
		4E7663951B5A37AC00672ACF /* Frameworks */ = {
			isa = PBXFrameworksBuildPhase;
			buildActionMask = 2147483647;
			files = (
				4EF2169520496F780013677E /* UIKit.framework in Frameworks */,
				4ECD5FBB2010A38900BCC616 /* libminizip.a in Frameworks */,
				4ECD5FB72010A33800BCC616 /* libz.tbd in Frameworks */,
				4E34C8402AE9292A00DD78B0 /* digidocpp.framework in Frameworks */,
			);
			runOnlyForDeploymentPostprocessing = 0;
		};
/* End PBXFrameworksBuildPhase section */

/* Begin PBXGroup section */
		4E76638F1B5A37AC00672ACF = {
			isa = PBXGroup;
			children = (
				4ED367C424EA910E0020905B /* README.md */,
				4E76639A1B5A37AC00672ACF /* libdigidocpp */,
				4E7663991B5A37AC00672ACF /* Products */,
				4ECD5FA82010A15A00BCC616 /* Frameworks */,
			);
			sourceTree = "<group>";
		};
		4E7663991B5A37AC00672ACF /* Products */ = {
			isa = PBXGroup;
			children = (
				4E7663981B5A37AC00672ACF /* libdigidocpp.app */,
			);
			name = Products;
			sourceTree = "<group>";
		};
		4E76639A1B5A37AC00672ACF /* libdigidocpp */ = {
			isa = PBXGroup;
			children = (
				4EAC9AA729125D5200A39880 /* libdigidocpp.entitlements */,
				4E76639F1B5A37AC00672ACF /* AppDelegate.h */,
				4E7663A01B5A37AC00672ACF /* AppDelegate.mm */,
				4E7663A31B5A37AC00672ACF /* MasterViewController.mm */,
				4E7663A81B5A37AC00672ACF /* Main.storyboard */,
				4E26A2282AB4E38600E2B732 /* LaunchScreen.storyboard */,
				4E7663AB1B5A37AC00672ACF /* Images.xcassets */,
				4E76639C1B5A37AC00672ACF /* Info.plist */,
				4E76639D1B5A37AC00672ACF /* main.mm */,
				4E25CC3F1B5D1D85005E0B79 /* test.bdoc */,
			);
			path = libdigidocpp;
			sourceTree = "<group>";
		};
		4ECD5FA82010A15A00BCC616 /* Frameworks */ = {
			isa = PBXGroup;
			children = (
				4EF2169420496F780013677E /* UIKit.framework */,
				4E34C83F2AE9292A00DD78B0 /* digidocpp.framework */,
				4ECD5FB82010A38900BCC616 /* libminizip.a */,
				4ECD5FB62010A33800BCC616 /* libz.tbd */,
			);
			name = Frameworks;
			sourceTree = "<group>";
		};
/* End PBXGroup section */

/* Begin PBXNativeTarget section */
		4E7663971B5A37AC00672ACF /* libdigidocpp */ = {
			isa = PBXNativeTarget;
			buildConfigurationList = 4E7663BE1B5A37AC00672ACF /* Build configuration list for PBXNativeTarget "libdigidocpp" */;
			buildPhases = (
				4E7663941B5A37AC00672ACF /* Sources */,
				4E7663951B5A37AC00672ACF /* Frameworks */,
				4E7663961B5A37AC00672ACF /* Resources */,
				4E34C8422AE9292A00DD78B0 /* Embed Frameworks */,
			);
			buildRules = (
			);
			dependencies = (
			);
			name = libdigidocpp;
			productName = libdigidocpp;
			productReference = 4E7663981B5A37AC00672ACF /* libdigidocpp.app */;
			productType = "com.apple.product-type.application";
		};
/* End PBXNativeTarget section */

/* Begin PBXProject section */
		4E7663901B5A37AC00672ACF /* Project object */ = {
			isa = PBXProject;
			attributes = {
				BuildIndependentTargetsInParallel = YES;
				LastUpgradeCheck = 1640;
				ORGANIZATIONNAME = RIA;
				TargetAttributes = {
					4E7663971B5A37AC00672ACF = {
						CreatedOnToolsVersion = 6.4;
					};
				};
			};
			buildConfigurationList = 4E7663931B5A37AC00672ACF /* Build configuration list for PBXProject "libdigidocpp" */;
			compatibilityVersion = "Xcode 12.0";
			developmentRegion = en;
			hasScannedForEncodings = 0;
			knownRegions = (
				en,
				Base,
			);
			mainGroup = 4E76638F1B5A37AC00672ACF;
			productRefGroup = 4E7663991B5A37AC00672ACF /* Products */;
			projectDirPath = "";
			projectRoot = "";
			targets = (
				4E7663971B5A37AC00672ACF /* libdigidocpp */,
			);
		};
/* End PBXProject section */

/* Begin PBXResourcesBuildPhase section */
		4E7663961B5A37AC00672ACF /* Resources */ = {
			isa = PBXResourcesBuildPhase;
			buildActionMask = 2147483647;
			files = (
				4E7663AA1B5A37AC00672ACF /* Main.storyboard in Resources */,
				4E7663AC1B5A37AC00672ACF /* Images.xcassets in Resources */,
				4E26A2292AB4E38600E2B732 /* LaunchScreen.storyboard in Resources */,
				4E25CC401B5D1D85005E0B79 /* test.bdoc in Resources */,
			);
			runOnlyForDeploymentPostprocessing = 0;
		};
/* End PBXResourcesBuildPhase section */

/* Begin PBXSourcesBuildPhase section */
		4E7663941B5A37AC00672ACF /* Sources */ = {
			isa = PBXSourcesBuildPhase;
			buildActionMask = 2147483647;
			files = (
				4E7663A11B5A37AC00672ACF /* AppDelegate.mm in Sources */,
				4E7663A41B5A37AC00672ACF /* MasterViewController.mm in Sources */,
				4E76639E1B5A37AC00672ACF /* main.mm in Sources */,
			);
			runOnlyForDeploymentPostprocessing = 0;
		};
/* End PBXSourcesBuildPhase section */

/* Begin PBXVariantGroup section */
		4E7663A81B5A37AC00672ACF /* Main.storyboard */ = {
			isa = PBXVariantGroup;
			children = (
				4E7663A91B5A37AC00672ACF /* Base */,
			);
			name = Main.storyboard;
			sourceTree = "<group>";
		};
/* End PBXVariantGroup section */

/* Begin XCBuildConfiguration section */
		4E7663BC1B5A37AC00672ACF /* Debug */ = {
			isa = XCBuildConfiguration;
			buildSettings = {
				ALWAYS_SEARCH_USER_PATHS = NO;
				ASSETCATALOG_COMPILER_GENERATE_SWIFT_ASSET_SYMBOL_EXTENSIONS = YES;
				CLANG_ANALYZER_NONNULL = YES;
				CLANG_ANALYZER_NUMBER_OBJECT_CONVERSION = YES_AGGRESSIVE;
				CLANG_CXX_LANGUAGE_STANDARD = "gnu++20";
				CLANG_ENABLE_MODULES = YES;
				CLANG_ENABLE_OBJC_ARC = YES;
				CLANG_ENABLE_OBJC_WEAK = YES;
				CLANG_WARN_BLOCK_CAPTURE_AUTORELEASING = YES;
				CLANG_WARN_BOOL_CONVERSION = YES;
				CLANG_WARN_COMMA = YES;
				CLANG_WARN_CONSTANT_CONVERSION = YES;
				CLANG_WARN_DEPRECATED_OBJC_IMPLEMENTATIONS = YES;
				CLANG_WARN_DIRECT_OBJC_ISA_USAGE = YES_ERROR;
				CLANG_WARN_DOCUMENTATION_COMMENTS = YES;
				CLANG_WARN_EMPTY_BODY = YES;
				CLANG_WARN_ENUM_CONVERSION = YES;
				CLANG_WARN_INFINITE_RECURSION = YES;
				CLANG_WARN_INT_CONVERSION = YES;
				CLANG_WARN_NON_LITERAL_NULL_CONVERSION = YES;
				CLANG_WARN_OBJC_IMPLICIT_RETAIN_SELF = YES;
				CLANG_WARN_OBJC_LITERAL_CONVERSION = YES;
				CLANG_WARN_OBJC_ROOT_CLASS = YES_ERROR;
				CLANG_WARN_QUOTED_INCLUDE_IN_FRAMEWORK_HEADER = YES;
				CLANG_WARN_RANGE_LOOP_ANALYSIS = YES;
				CLANG_WARN_STRICT_PROTOTYPES = YES;
				CLANG_WARN_SUSPICIOUS_MOVE = YES;
				CLANG_WARN_UNGUARDED_AVAILABILITY = YES_AGGRESSIVE;
				CLANG_WARN_UNREACHABLE_CODE = YES;
				CLANG_WARN__DUPLICATE_METHOD_MATCH = YES;
				COPY_PHASE_STRIP = NO;
				DEBUG_INFORMATION_FORMAT = dwarf;
				DEVELOPMENT_TEAM = ET847QJV9F;
				ENABLE_STRICT_OBJC_MSGSEND = YES;
				ENABLE_TESTABILITY = YES;
				ENABLE_USER_SCRIPT_SANDBOXING = YES;
				GCC_C_LANGUAGE_STANDARD = gnu17;
				GCC_DYNAMIC_NO_PIC = NO;
				GCC_NO_COMMON_BLOCKS = YES;
				GCC_OPTIMIZATION_LEVEL = 0;
				GCC_PREPROCESSOR_DEFINITIONS = (
					"DEBUG=1",
					"$(inherited)",
				);
				GCC_WARN_64_TO_32_BIT_CONVERSION = YES;
				GCC_WARN_ABOUT_RETURN_TYPE = YES_ERROR;
				GCC_WARN_UNDECLARED_SELECTOR = YES;
				GCC_WARN_UNINITIALIZED_AUTOS = YES_AGGRESSIVE;
				GCC_WARN_UNUSED_FUNCTION = YES;
				GCC_WARN_UNUSED_VARIABLE = YES;
				IPHONEOS_DEPLOYMENT_TARGET = 15.0;
				ONLY_ACTIVE_ARCH = YES;
				SDKROOT = iphoneos;
				TARGETED_DEVICE_FAMILY = "1,2";
			};
			name = Debug;
		};
		4E7663BD1B5A37AC00672ACF /* Release */ = {
			isa = XCBuildConfiguration;
			buildSettings = {
				ALWAYS_SEARCH_USER_PATHS = NO;
				ASSETCATALOG_COMPILER_GENERATE_SWIFT_ASSET_SYMBOL_EXTENSIONS = YES;
				CLANG_ANALYZER_NONNULL = YES;
				CLANG_ANALYZER_NUMBER_OBJECT_CONVERSION = YES_AGGRESSIVE;
				CLANG_CXX_LANGUAGE_STANDARD = "gnu++20";
				CLANG_ENABLE_MODULES = YES;
				CLANG_ENABLE_OBJC_ARC = YES;
				CLANG_ENABLE_OBJC_WEAK = YES;
				CLANG_WARN_BLOCK_CAPTURE_AUTORELEASING = YES;
				CLANG_WARN_BOOL_CONVERSION = YES;
				CLANG_WARN_COMMA = YES;
				CLANG_WARN_CONSTANT_CONVERSION = YES;
				CLANG_WARN_DEPRECATED_OBJC_IMPLEMENTATIONS = YES;
				CLANG_WARN_DIRECT_OBJC_ISA_USAGE = YES_ERROR;
				CLANG_WARN_DOCUMENTATION_COMMENTS = YES;
				CLANG_WARN_EMPTY_BODY = YES;
				CLANG_WARN_ENUM_CONVERSION = YES;
				CLANG_WARN_INFINITE_RECURSION = YES;
				CLANG_WARN_INT_CONVERSION = YES;
				CLANG_WARN_NON_LITERAL_NULL_CONVERSION = YES;
				CLANG_WARN_OBJC_IMPLICIT_RETAIN_SELF = YES;
				CLANG_WARN_OBJC_LITERAL_CONVERSION = YES;
				CLANG_WARN_OBJC_ROOT_CLASS = YES_ERROR;
				CLANG_WARN_QUOTED_INCLUDE_IN_FRAMEWORK_HEADER = YES;
				CLANG_WARN_RANGE_LOOP_ANALYSIS = YES;
				CLANG_WARN_STRICT_PROTOTYPES = YES;
				CLANG_WARN_SUSPICIOUS_MOVE = YES;
				CLANG_WARN_UNGUARDED_AVAILABILITY = YES_AGGRESSIVE;
				CLANG_WARN_UNREACHABLE_CODE = YES;
				CLANG_WARN__DUPLICATE_METHOD_MATCH = YES;
				COPY_PHASE_STRIP = NO;
				DEVELOPMENT_TEAM = ET847QJV9F;
				ENABLE_NS_ASSERTIONS = NO;
				ENABLE_STRICT_OBJC_MSGSEND = YES;
				ENABLE_USER_SCRIPT_SANDBOXING = YES;
				GCC_C_LANGUAGE_STANDARD = gnu17;
				GCC_NO_COMMON_BLOCKS = YES;
				GCC_WARN_64_TO_32_BIT_CONVERSION = YES;
				GCC_WARN_ABOUT_RETURN_TYPE = YES_ERROR;
				GCC_WARN_UNDECLARED_SELECTOR = YES;
				GCC_WARN_UNINITIALIZED_AUTOS = YES_AGGRESSIVE;
				GCC_WARN_UNUSED_FUNCTION = YES;
				GCC_WARN_UNUSED_VARIABLE = YES;
				IPHONEOS_DEPLOYMENT_TARGET = 15.0;
				SDKROOT = iphoneos;
				TARGETED_DEVICE_FAMILY = "1,2";
				VALIDATE_PRODUCT = YES;
			};
			name = Release;
		};
		4E7663BF1B5A37AC00672ACF /* Debug */ = {
			isa = XCBuildConfiguration;
			buildSettings = {
				ASSETCATALOG_COMPILER_APPICON_NAME = AppIcon;
				BUILD_NUMBER = 0;
				CODE_SIGN_ENTITLEMENTS = libdigidocpp/libdigidocpp.entitlements;
				"CODE_SIGN_IDENTITY[sdk=macosx*]" = "";
				CODE_SIGN_STYLE = Automatic;
				CURRENT_PROJECT_VERSION = "$(BUILD_NUMBER)";
				"ENABLE_HARDENED_RUNTIME[sdk=macosx*]" = YES;
				FRAMEWORK_SEARCH_PATHS = "$(SDKPATH)/lib";
				GCC_PREPROCESSOR_DEFINITIONS = (
					"$(inherited)",
					"TESTING=$(TESTING)",
				);
				GENERATE_INFOPLIST_FILE = YES;
				HEADER_SEARCH_PATHS = (
					"$(SDKPATH)/include",
					"$(PROJECT_DIR)/../../src/minizip",
				);
				INFOPLIST_FILE = libdigidocpp/Info.plist;
				INFOPLIST_KEY_ITSAppUsesNonExemptEncryption = NO;
				INFOPLIST_KEY_LSApplicationCategoryType = "public.app-category.productivity";
				INFOPLIST_KEY_LSSupportsOpeningDocumentsInPlace = YES;
				INFOPLIST_KEY_UIApplicationSupportsIndirectInputEvents = YES;
				INFOPLIST_KEY_UILaunchStoryboardName = LaunchScreen;
				INFOPLIST_KEY_UIMainStoryboardFile = Main;
				INFOPLIST_KEY_UISupportedInterfaceOrientations = "UIInterfaceOrientationLandscapeLeft UIInterfaceOrientationLandscapeRight UIInterfaceOrientationPortrait UIInterfaceOrientationPortraitUpsideDown";
				LD_RUNPATH_SEARCH_PATHS = (
					"$(inherited)",
					"@executable_path/Frameworks",
				);
				LIBRARY_SEARCH_PATHS = "$(SDKPATH)/lib";
				MARKETING_VERSION = 1.0;
				PRODUCT_BUNDLE_IDENTIFIER = ee.ria.libdigidocpp.app;
				PRODUCT_NAME = "$(TARGET_NAME)";
				SDKPATH = "$(LOCAL_LIBRARY_DIR)/libdigidocpp.$(PLATFORM_NAME)";
				"SDKPATH[sdk=macosx*]" = "$(LOCAL_LIBRARY_DIR)/libdigidocpp.iphonecatalyst";
				SUPPORTS_MACCATALYST = YES;
				SUPPORTS_MAC_DESIGNED_FOR_IPHONE_IPAD = NO;
				TESTING = 0;
			};
			name = Debug;
		};
		4E7663C01B5A37AC00672ACF /* Release */ = {
			isa = XCBuildConfiguration;
			buildSettings = {
				ASSETCATALOG_COMPILER_APPICON_NAME = AppIcon;
				BUILD_NUMBER = 0;
				CODE_SIGN_ENTITLEMENTS = libdigidocpp/libdigidocpp.entitlements;
				"CODE_SIGN_IDENTITY[sdk=macosx*]" = "";
				CODE_SIGN_STYLE = Automatic;
				CURRENT_PROJECT_VERSION = "$(BUILD_NUMBER)";
				"ENABLE_HARDENED_RUNTIME[sdk=macosx*]" = YES;
				FRAMEWORK_SEARCH_PATHS = "$(SDKPATH)/lib";
				GCC_PREPROCESSOR_DEFINITIONS = (
					"$(inherited)",
					"TESTING=$(TESTING)",
				);
				GENERATE_INFOPLIST_FILE = YES;
				HEADER_SEARCH_PATHS = (
					"$(SDKPATH)/include",
					"$(PROJECT_DIR)/../../src/minizip",
				);
				INFOPLIST_FILE = libdigidocpp/Info.plist;
				INFOPLIST_KEY_ITSAppUsesNonExemptEncryption = NO;
				INFOPLIST_KEY_LSApplicationCategoryType = "public.app-category.productivity";
				INFOPLIST_KEY_LSSupportsOpeningDocumentsInPlace = YES;
				INFOPLIST_KEY_UIApplicationSupportsIndirectInputEvents = YES;
				INFOPLIST_KEY_UILaunchStoryboardName = LaunchScreen;
				INFOPLIST_KEY_UIMainStoryboardFile = Main;
				INFOPLIST_KEY_UISupportedInterfaceOrientations = "UIInterfaceOrientationLandscapeLeft UIInterfaceOrientationLandscapeRight UIInterfaceOrientationPortrait UIInterfaceOrientationPortraitUpsideDown";
				LD_RUNPATH_SEARCH_PATHS = (
					"$(inherited)",
					"@executable_path/Frameworks",
				);
				LIBRARY_SEARCH_PATHS = "$(SDKPATH)/lib";
				MARKETING_VERSION = 1.0;
				PRODUCT_BUNDLE_IDENTIFIER = ee.ria.libdigidocpp.app;
				PRODUCT_NAME = "$(TARGET_NAME)";
				SDKPATH = "$(LOCAL_LIBRARY_DIR)/libdigidocpp.$(PLATFORM_NAME)";
				"SDKPATH[sdk=macosx*]" = "$(LOCAL_LIBRARY_DIR)/libdigidocpp.iphonecatalyst";
				SUPPORTS_MACCATALYST = YES;
				SUPPORTS_MAC_DESIGNED_FOR_IPHONE_IPAD = NO;
				TESTING = 0;
			};
			name = Release;
		};
/* End XCBuildConfiguration section */

/* Begin XCConfigurationList section */
		4E7663931B5A37AC00672ACF /* Build configuration list for PBXProject "libdigidocpp" */ = {
			isa = XCConfigurationList;
			buildConfigurations = (
				4E7663BC1B5A37AC00672ACF /* Debug */,
				4E7663BD1B5A37AC00672ACF /* Release */,
			);
			defaultConfigurationIsVisible = 0;
			defaultConfigurationName = Release;
		};
		4E7663BE1B5A37AC00672ACF /* Build configuration list for PBXNativeTarget "libdigidocpp" */ = {
			isa = XCConfigurationList;
			buildConfigurations = (
				4E7663BF1B5A37AC00672ACF /* Debug */,
				4E7663C01B5A37AC00672ACF /* Release */,
			);
			defaultConfigurationIsVisible = 0;
			defaultConfigurationName = Release;
		};
/* End XCConfigurationList section */
	};
	rootObject = 4E7663901B5A37AC00672ACF /* Project object */;
}
